// !$*UTF8*$!
{
	archiveVersion = 1;
	classes = {
	};
	objectVersion = 52;
	objects = {

/* Begin PBXBuildFile section */
		76107FEF27BBF75200EAE9DA /* PDFXActionURL.m in Sources */ = {isa = PBXBuildFile; fileRef = 76107FDE27BBF75200EAE9DA /* PDFXActionURL.m */; };
		76107FF027BBF75200EAE9DA /* PDFXAppearanceCharacteristics.m in Sources */ = {isa = PBXBuildFile; fileRef = 76107FDF27BBF75200EAE9DA /* PDFXAppearanceCharacteristics.m */; };
		76107FF127BBF75200EAE9DA /* PDFXOutline.m in Sources */ = {isa = PBXBuildFile; fileRef = 76107FE027BBF75200EAE9DA /* PDFXOutline.m */; };
		76107FF227BBF75200EAE9DA /* PDFXDestination.m in Sources */ = {isa = PBXBuildFile; fileRef = 76107FE127BBF75200EAE9DA /* PDFXDestination.m */; };
		76107FF327BBF75200EAE9DA /* PDFXAction.m in Sources */ = {isa = PBXBuildFile; fileRef = 76107FE227BBF75200EAE9DA /* PDFXAction.m */; };
		76107FF427BBF75200EAE9DA /* PDFXView.m in Sources */ = {isa = PBXBuildFile; fileRef = 76107FE327BBF75200EAE9DA /* PDFXView.m */; };
		76107FF527BBF75200EAE9DA /* PDFXActionNamed.m in Sources */ = {isa = PBXBuildFile; fileRef = 76107FE427BBF75200EAE9DA /* PDFXActionNamed.m */; };
		76107FF627BBF75200EAE9DA /* PDFXActionResetForm.m in Sources */ = {isa = PBXBuildFile; fileRef = 76107FE527BBF75200EAE9DA /* PDFXActionResetForm.m */; };
		76107FF727BBF75200EAE9DA /* PDFXPage.m in Sources */ = {isa = PBXBuildFile; fileRef = 76107FE627BBF75200EAE9DA /* PDFXPage.m */; };
		76107FF827BBF75200EAE9DA /* PDFXActionRemoteGoTo.m in Sources */ = {isa = PBXBuildFile; fileRef = 76107FE727BBF75200EAE9DA /* PDFXActionRemoteGoTo.m */; };
		76107FF927BBF75200EAE9DA /* PDFXAnnotationPopup.m in Sources */ = {isa = PBXBuildFile; fileRef = 76107FE827BBF75200EAE9DA /* PDFXAnnotationPopup.m */; };
		76107FFA27BBF75200EAE9DA /* PDFXDocument.m in Sources */ = {isa = PBXBuildFile; fileRef = 76107FE927BBF75200EAE9DA /* PDFXDocument.m */; };
		76107FFB27BBF75200EAE9DA /* PDFXBorder.m in Sources */ = {isa = PBXBuildFile; fileRef = 76107FEA27BBF75200EAE9DA /* PDFXBorder.m */; };
		76107FFC27BBF75200EAE9DA /* PDFXSelection.m in Sources */ = {isa = PBXBuildFile; fileRef = 76107FEB27BBF75200EAE9DA /* PDFXSelection.m */; };
		76107FFD27BBF75200EAE9DA /* PDFXThumbnailView.m in Sources */ = {isa = PBXBuildFile; fileRef = 76107FEC27BBF75200EAE9DA /* PDFXThumbnailView.m */; };
		76107FFE27BBF75200EAE9DA /* PDFXAnnotation.m in Sources */ = {isa = PBXBuildFile; fileRef = 76107FED27BBF75200EAE9DA /* PDFXAnnotation.m */; };
		76107FFF27BBF75200EAE9DA /* PDFXActionGoTo.m in Sources */ = {isa = PBXBuildFile; fileRef = 76107FEE27BBF75200EAE9DA /* PDFXActionGoTo.m */; };
		7615B47027A341D5003477DE /* PDFXDocumentDelegate.h in Headers */ = {isa = PBXBuildFile; fileRef = 7615B41C27A341D5003477DE /* PDFXDocumentDelegate.h */; settings = {ATTRIBUTES = (Public, ); }; };
		7615B47127A341D5003477DE /* PDFXSelection+PSPDFKit.h in Headers */ = {isa = PBXBuildFile; fileRef = 7615B41D27A341D5003477DE /* PDFXSelection+PSPDFKit.h */; settings = {ATTRIBUTES = (Private, ); }; };
		7615B47227A341D5003477DE /* PDFXAnnotationPopup.h in Headers */ = {isa = PBXBuildFile; fileRef = 7615B41E27A341D5003477DE /* PDFXAnnotationPopup.h */; settings = {ATTRIBUTES = (Public, ); }; };
		7615B47327A341D5003477DE /* PDFXActionNamed+Swift.h in Headers */ = {isa = PBXBuildFile; fileRef = 7615B41F27A341D5003477DE /* PDFXActionNamed+Swift.h */; settings = {ATTRIBUTES = (Public, ); }; };
		7615B47427A341D5003477DE /* PDFXAnnotation+Swift.h in Headers */ = {isa = PBXBuildFile; fileRef = 7615B42027A341D5003477DE /* PDFXAnnotation+Swift.h */; settings = {ATTRIBUTES = (Public, ); }; };
		7615B47527A341D5003477DE /* PDFXSelection.h in Headers */ = {isa = PBXBuildFile; fileRef = 7615B42127A341D5003477DE /* PDFXSelection.h */; settings = {ATTRIBUTES = (Public, ); }; };
		7615B47627A341D5003477DE /* PDFXBorder.h in Headers */ = {isa = PBXBuildFile; fileRef = 7615B42227A341D5003477DE /* PDFXBorder.h */; settings = {ATTRIBUTES = (Public, ); }; };
		7615B47727A341D5003477DE /* PDFXDocument.h in Headers */ = {isa = PBXBuildFile; fileRef = 7615B42327A341D5003477DE /* PDFXDocument.h */; settings = {ATTRIBUTES = (Public, ); }; };
		7615B47827A341D5003477DE /* PDFXAction+PSPDFKit.h in Headers */ = {isa = PBXBuildFile; fileRef = 7615B42427A341D5003477DE /* PDFXAction+PSPDFKit.h */; settings = {ATTRIBUTES = (Private, ); }; };
		7615B47927A341D5003477DE /* PDFXActionGoTo.h in Headers */ = {isa = PBXBuildFile; fileRef = 7615B42527A341D5003477DE /* PDFXActionGoTo.h */; settings = {ATTRIBUTES = (Public, ); }; };
		7615B47A27A341D5003477DE /* PDFXActionResetForm+PSPDFKit.h in Headers */ = {isa = PBXBuildFile; fileRef = 7615B42627A341D5003477DE /* PDFXActionResetForm+PSPDFKit.h */; settings = {ATTRIBUTES = (Private, ); }; };
		7615B47B27A341D5003477DE /* PDFXBorder+PSPDFKit.h in Headers */ = {isa = PBXBuildFile; fileRef = 7615B42727A341D5003477DE /* PDFXBorder+PSPDFKit.h */; settings = {ATTRIBUTES = (Private, ); }; };
		7615B47C27A341D5003477DE /* PDFXThumbnailView+PSPDFKit.h in Headers */ = {isa = PBXBuildFile; fileRef = 7615B42827A341D5003477DE /* PDFXThumbnailView+PSPDFKit.h */; settings = {ATTRIBUTES = (Private, ); }; };
		7615B47D27A341D5003477DE /* PDFXSelection+Swift.h in Headers */ = {isa = PBXBuildFile; fileRef = 7615B42927A341D5003477DE /* PDFXSelection+Swift.h */; settings = {ATTRIBUTES = (Public, ); }; };
		7615B47E27A341D5003477DE /* PDFXActionResetForm+Swift.h in Headers */ = {isa = PBXBuildFile; fileRef = 7615B42A27A341D5003477DE /* PDFXActionResetForm+Swift.h */; settings = {ATTRIBUTES = (Public, ); }; };
		7615B47F27A341D5003477DE /* PDFXAnnotation.h in Headers */ = {isa = PBXBuildFile; fileRef = 7615B42B27A341D5003477DE /* PDFXAnnotation.h */; settings = {ATTRIBUTES = (Public, ); }; };
		7615B48027A341D5003477DE /* PDFXAction+Swift.h in Headers */ = {isa = PBXBuildFile; fileRef = 7615B42C27A341D5003477DE /* PDFXAction+Swift.h */; settings = {ATTRIBUTES = (Public, ); }; };
		7615B48127A341D5003477DE /* PDFXThumbnailView.h in Headers */ = {isa = PBXBuildFile; fileRef = 7615B42D27A341D5003477DE /* PDFXThumbnailView.h */; settings = {ATTRIBUTES = (Public, ); }; };
		7615B48227A341D5003477DE /* PDFXThumbnailView+Swift.h in Headers */ = {isa = PBXBuildFile; fileRef = 7615B42E27A341D5003477DE /* PDFXThumbnailView+Swift.h */; settings = {ATTRIBUTES = (Public, ); }; };
		7615B48327A341D5003477DE /* PDFXPlatform.h in Headers */ = {isa = PBXBuildFile; fileRef = 7615B42F27A341D5003477DE /* PDFXPlatform.h */; settings = {ATTRIBUTES = (Public, ); }; };
		7615B48427A341D5003477DE /* PDFXCompatibility.h in Headers */ = {isa = PBXBuildFile; fileRef = 7615B43027A341D5003477DE /* PDFXCompatibility.h */; settings = {ATTRIBUTES = (Public, ); }; };
		7615B48527A341D5003477DE /* PDFXBorder+Swift.h in Headers */ = {isa = PBXBuildFile; fileRef = 7615B43127A341D5003477DE /* PDFXBorder+Swift.h */; settings = {ATTRIBUTES = (Public, ); }; };
		7615B48627A341D5003477DE /* PDFXActionNamed+PSPDFKit.h in Headers */ = {isa = PBXBuildFile; fileRef = 7615B43227A341D5003477DE /* PDFXActionNamed+PSPDFKit.h */; settings = {ATTRIBUTES = (Private, ); }; };
		7615B48727A341D5003477DE /* PDFXOutline.h in Headers */ = {isa = PBXBuildFile; fileRef = 7615B43327A341D5003477DE /* PDFXOutline.h */; settings = {ATTRIBUTES = (Public, ); }; };
		7615B48827A341D5003477DE /* PDFXKit.h in Headers */ = {isa = PBXBuildFile; fileRef = 7615B43427A341D5003477DE /* PDFXKit.h */; settings = {ATTRIBUTES = (Public, ); }; };
		7615B48927A341D5003477DE /* PDFXAppearanceCharacteristics.h in Headers */ = {isa = PBXBuildFile; fileRef = 7615B43527A341D5003477DE /* PDFXAppearanceCharacteristics.h */; settings = {ATTRIBUTES = (Public, ); }; };
		7615B48A27A341D5003477DE /* PDFXAppearanceCharacteristics+PSPDFKit.h in Headers */ = {isa = PBXBuildFile; fileRef = 7615B43627A341D5003477DE /* PDFXAppearanceCharacteristics+PSPDFKit.h */; settings = {ATTRIBUTES = (Private, ); }; };
		7615B48B27A341D5003477DE /* PDFXKit+PSPDFKit.h in Headers */ = {isa = PBXBuildFile; fileRef = 7615B43727A341D5003477DE /* PDFXKit+PSPDFKit.h */; settings = {ATTRIBUTES = (Private, ); }; };
		7615B48C27A341D5003477DE /* PDFXDocument+PSPDFKit.h in Headers */ = {isa = PBXBuildFile; fileRef = 7615B43827A341D5003477DE /* PDFXDocument+PSPDFKit.h */; settings = {ATTRIBUTES = (Private, ); }; };
		7615B48D27A341D5003477DE /* PDFXPage+Swift.h in Headers */ = {isa = PBXBuildFile; fileRef = 7615B43927A341D5003477DE /* PDFXPage+Swift.h */; settings = {ATTRIBUTES = (Public, ); }; };
		7615B48E27A341D5003477DE /* PDFXActionURL.h in Headers */ = {isa = PBXBuildFile; fileRef = 7615B43A27A341D5003477DE /* PDFXActionURL.h */; settings = {ATTRIBUTES = (Public, ); }; };
		7615B48F27A341D5003477DE /* PDFXKit+Swift.h in Headers */ = {isa = PBXBuildFile; fileRef = 7615B43B27A341D5003477DE /* PDFXKit+Swift.h */; settings = {ATTRIBUTES = (Public, ); }; };
		7615B49027A341D5003477DE /* PDFXView+Swift.h in Headers */ = {isa = PBXBuildFile; fileRef = 7615B43C27A341D5003477DE /* PDFXView+Swift.h */; settings = {ATTRIBUTES = (Public, ); }; };
		7615B49127A341D5003477DE /* PDFXAnnotation+PSPDFKit.h in Headers */ = {isa = PBXBuildFile; fileRef = 7615B43D27A341D5003477DE /* PDFXAnnotation+PSPDFKit.h */; settings = {ATTRIBUTES = (Private, ); }; };
		7615B49227A341D5003477DE /* PDFXActionGoTo+Swift.h in Headers */ = {isa = PBXBuildFile; fileRef = 7615B43E27A341D5003477DE /* PDFXActionGoTo+Swift.h */; settings = {ATTRIBUTES = (Public, ); }; };
		7615B49327A341D5003477DE /* PDFXActionRemoteGoTo+Swift.h in Headers */ = {isa = PBXBuildFile; fileRef = 7615B43F27A341D5003477DE /* PDFXActionRemoteGoTo+Swift.h */; settings = {ATTRIBUTES = (Public, ); }; };
		7615B49427A341D5003477DE /* PDFXActionGoTo+PSPDFKit.h in Headers */ = {isa = PBXBuildFile; fileRef = 7615B44027A341D5003477DE /* PDFXActionGoTo+PSPDFKit.h */; settings = {ATTRIBUTES = (Private, ); }; };
		7615B49527A341D5003477DE /* PDFXActionURL+Swift.h in Headers */ = {isa = PBXBuildFile; fileRef = 7615B44127A341D5003477DE /* PDFXActionURL+Swift.h */; settings = {ATTRIBUTES = (Public, ); }; };
		7615B49627A341D5003477DE /* PDFXView.h in Headers */ = {isa = PBXBuildFile; fileRef = 7615B44227A341D5003477DE /* PDFXView.h */; settings = {ATTRIBUTES = (Public, ); }; };
		7615B49727A341D5003477DE /* PDFXAction.h in Headers */ = {isa = PBXBuildFile; fileRef = 7615B44327A341D5003477DE /* PDFXAction.h */; settings = {ATTRIBUTES = (Public, ); }; };
		7615B49827A341D5003477DE /* PDFXDestination.h in Headers */ = {isa = PBXBuildFile; fileRef = 7615B44427A341D5003477DE /* PDFXDestination.h */; settings = {ATTRIBUTES = (Public, ); }; };
		7615B49927A341D5003477DE /* PDFXDocument+Swift.h in Headers */ = {isa = PBXBuildFile; fileRef = 7615B44527A341D5003477DE /* PDFXDocument+Swift.h */; settings = {ATTRIBUTES = (Public, ); }; };
		7615B49A27A341D5003477DE /* PDFXActionRemoteGoTo+PSPDFKit.h in Headers */ = {isa = PBXBuildFile; fileRef = 7615B44627A341D5003477DE /* PDFXActionRemoteGoTo+PSPDFKit.h */; settings = {ATTRIBUTES = (Private, ); }; };
		7615B49C27A341D5003477DE /* PDFXPage.h in Headers */ = {isa = PBXBuildFile; fileRef = 7615B44827A341D5003477DE /* PDFXPage.h */; settings = {ATTRIBUTES = (Public, ); }; };
		7615B49D27A341D5003477DE /* PDFXViewDelegate.h in Headers */ = {isa = PBXBuildFile; fileRef = 7615B44927A341D5003477DE /* PDFXViewDelegate.h */; settings = {ATTRIBUTES = (Public, ); }; };
		7615B49E27A341D5003477DE /* PDFXDestination+PSPDFKit.h in Headers */ = {isa = PBXBuildFile; fileRef = 7615B44A27A341D5003477DE /* PDFXDestination+PSPDFKit.h */; settings = {ATTRIBUTES = (Private, ); }; };
		7615B49F27A341D5003477DE /* PDFXDestination+Swift.h in Headers */ = {isa = PBXBuildFile; fileRef = 7615B44B27A341D5003477DE /* PDFXDestination+Swift.h */; settings = {ATTRIBUTES = (Public, ); }; };
		7615B4A027A341D5003477DE /* PDFXAnnotationPopup+Swift.h in Headers */ = {isa = PBXBuildFile; fileRef = 7615B44C27A341D5003477DE /* PDFXAnnotationPopup+Swift.h */; settings = {ATTRIBUTES = (Public, ); }; };
		7615B4A127A341D5003477DE /* PDFXActionResetForm.h in Headers */ = {isa = PBXBuildFile; fileRef = 7615B44D27A341D5003477DE /* PDFXActionResetForm.h */; settings = {ATTRIBUTES = (Public, ); }; };
		7615B4A227A341D5003477DE /* PDFXPage+PSPDFKit.h in Headers */ = {isa = PBXBuildFile; fileRef = 7615B44E27A341D5003477DE /* PDFXPage+PSPDFKit.h */; settings = {ATTRIBUTES = (Private, ); }; };
		7615B4A327A341D5003477DE /* PDFXActionNamed.h in Headers */ = {isa = PBXBuildFile; fileRef = 7615B44F27A341D5003477DE /* PDFXActionNamed.h */; settings = {ATTRIBUTES = (Public, ); }; };
		7615B4A427A341D5003477DE /* PSPDFKit+PDFXKit.h in Headers */ = {isa = PBXBuildFile; fileRef = 7615B45027A341D5003477DE /* PSPDFKit+PDFXKit.h */; settings = {ATTRIBUTES = (Private, ); }; };
		7615B4A527A341D5003477DE /* PDFXView+PSPDFKit.h in Headers */ = {isa = PBXBuildFile; fileRef = 7615B45127A341D5003477DE /* PDFXView+PSPDFKit.h */; settings = {ATTRIBUTES = (Private, ); }; };
		7615B4A627A341D5003477DE /* PDFXOutline+PSPDFKit.h in Headers */ = {isa = PBXBuildFile; fileRef = 7615B45227A341D5003477DE /* PDFXOutline+PSPDFKit.h */; settings = {ATTRIBUTES = (Private, ); }; };
		7615B4A727A341D5003477DE /* PDFXActionURL+PSPDFKit.h in Headers */ = {isa = PBXBuildFile; fileRef = 7615B45327A341D5003477DE /* PDFXActionURL+PSPDFKit.h */; settings = {ATTRIBUTES = (Private, ); }; };
		7615B4A827A341D5003477DE /* PDFXAnnotationPopup+PSPDFKit.h in Headers */ = {isa = PBXBuildFile; fileRef = 7615B45427A341D5003477DE /* PDFXAnnotationPopup+PSPDFKit.h */; settings = {ATTRIBUTES = (Private, ); }; };
		7615B4A927A341D5003477DE /* PDFXActionRemoteGoTo.h in Headers */ = {isa = PBXBuildFile; fileRef = 7615B45527A341D5003477DE /* PDFXActionRemoteGoTo.h */; settings = {ATTRIBUTES = (Public, ); }; };
		7615B4AA27A341D5003477DE /* PDFXAppearanceCharacteristics+Swift.h in Headers */ = {isa = PBXBuildFile; fileRef = 7615B45627A341D5003477DE /* PDFXAppearanceCharacteristics+Swift.h */; settings = {ATTRIBUTES = (Public, ); }; };
		7615B4AB27A341D5003477DE /* PDFXOutline+Swift.h in Headers */ = {isa = PBXBuildFile; fileRef = 7615B45727A341D5003477DE /* PDFXOutline+Swift.h */; settings = {ATTRIBUTES = (Public, ); }; };
		7615B4AC27A341D5003477DE /* PDFXPage+Private.h in Headers */ = {isa = PBXBuildFile; fileRef = 7615B45927A341D5003477DE /* PDFXPage+Private.h */; settings = {ATTRIBUTES = (Private, ); }; };
		7615B4AD27A341D5003477DE /* PDFXPlatform+Private.h in Headers */ = {isa = PBXBuildFile; fileRef = 7615B45A27A341D5003477DE /* PDFXPlatform+Private.h */; settings = {ATTRIBUTES = (Private, ); }; };
		7615B4AE27A341D5003477DE /* PDFXSelection+Private.h in Headers */ = {isa = PBXBuildFile; fileRef = 7615B45B27A341D5003477DE /* PDFXSelection+Private.h */; settings = {ATTRIBUTES = (Private, ); }; };
		7615B4BF27A341D5003477DE /* PDFXCompatibility.swift in Sources */ = {isa = PBXBuildFile; fileRef = 7615B46F27A341D5003477DE /* PDFXCompatibility.swift */; };
		76CD34882799B8EE00ABB8F0 /* PSPDFKit.xcframework in Frameworks */ = {isa = PBXBuildFile; fileRef = 76CD34862799B8EE00ABB8F0 /* PSPDFKit.xcframework */; };
		76CD34892799B8EE00ABB8F0 /* PSPDFKitUI.xcframework in Frameworks */ = {isa = PBXBuildFile; fileRef = 76CD34872799B8EE00ABB8F0 /* PSPDFKitUI.xcframework */; };
		843F386B23F8947B00E0F579 /* PDFKit.framework in Frameworks */ = {isa = PBXBuildFile; fileRef = 843F386A23F8947B00E0F579 /* PDFKit.framework */; };
		B34D11E01F3E53F500F3337E /* PDFXKitObjectiveCTests.m in Sources */ = {isa = PBXBuildFile; fileRef = B34D11DF1F3E53F500F3337E /* PDFXKitObjectiveCTests.m */; };
		B3AC20491F3AE6C500D46641 /* PDFXKit.framework in Frameworks */ = {isa = PBXBuildFile; fileRef = B3AC203F1F3AE6C500D46641 /* PDFXKit.framework */; };
/* End PBXBuildFile section */

/* Begin PBXContainerItemProxy section */
		B3AC204A1F3AE6C500D46641 /* PBXContainerItemProxy */ = {
			isa = PBXContainerItemProxy;
			containerPortal = B3AC20361F3AE6C400D46641 /* Project object */;
			proxyType = 1;
			remoteGlobalIDString = B3AC203E1F3AE6C500D46641;
			remoteInfo = PDFXKit;
		};
/* End PBXContainerItemProxy section */

/* Begin PBXFileReference section */
		76107FDE27BBF75200EAE9DA /* PDFXActionURL.m */ = {isa = PBXFileReference; fileEncoding = 4; lastKnownFileType = sourcecode.c.objc; path = PDFXActionURL.m; sourceTree = "<group>"; };
		76107FDF27BBF75200EAE9DA /* PDFXAppearanceCharacteristics.m */ = {isa = PBXFileReference; fileEncoding = 4; lastKnownFileType = sourcecode.c.objc; path = PDFXAppearanceCharacteristics.m; sourceTree = "<group>"; };
		76107FE027BBF75200EAE9DA /* PDFXOutline.m */ = {isa = PBXFileReference; fileEncoding = 4; lastKnownFileType = sourcecode.c.objc; path = PDFXOutline.m; sourceTree = "<group>"; };
		76107FE127BBF75200EAE9DA /* PDFXDestination.m */ = {isa = PBXFileReference; fileEncoding = 4; lastKnownFileType = sourcecode.c.objc; path = PDFXDestination.m; sourceTree = "<group>"; };
		76107FE227BBF75200EAE9DA /* PDFXAction.m */ = {isa = PBXFileReference; fileEncoding = 4; lastKnownFileType = sourcecode.c.objc; path = PDFXAction.m; sourceTree = "<group>"; };
		76107FE327BBF75200EAE9DA /* PDFXView.m */ = {isa = PBXFileReference; fileEncoding = 4; lastKnownFileType = sourcecode.c.objc; path = PDFXView.m; sourceTree = "<group>"; };
		76107FE427BBF75200EAE9DA /* PDFXActionNamed.m */ = {isa = PBXFileReference; fileEncoding = 4; lastKnownFileType = sourcecode.c.objc; path = PDFXActionNamed.m; sourceTree = "<group>"; };
		76107FE527BBF75200EAE9DA /* PDFXActionResetForm.m */ = {isa = PBXFileReference; fileEncoding = 4; lastKnownFileType = sourcecode.c.objc; path = PDFXActionResetForm.m; sourceTree = "<group>"; };
		76107FE627BBF75200EAE9DA /* PDFXPage.m */ = {isa = PBXFileReference; fileEncoding = 4; lastKnownFileType = sourcecode.c.objc; path = PDFXPage.m; sourceTree = "<group>"; };
		76107FE727BBF75200EAE9DA /* PDFXActionRemoteGoTo.m */ = {isa = PBXFileReference; fileEncoding = 4; lastKnownFileType = sourcecode.c.objc; path = PDFXActionRemoteGoTo.m; sourceTree = "<group>"; };
		76107FE827BBF75200EAE9DA /* PDFXAnnotationPopup.m */ = {isa = PBXFileReference; fileEncoding = 4; lastKnownFileType = sourcecode.c.objc; path = PDFXAnnotationPopup.m; sourceTree = "<group>"; };
		76107FE927BBF75200EAE9DA /* PDFXDocument.m */ = {isa = PBXFileReference; fileEncoding = 4; lastKnownFileType = sourcecode.c.objc; path = PDFXDocument.m; sourceTree = "<group>"; };
		76107FEA27BBF75200EAE9DA /* PDFXBorder.m */ = {isa = PBXFileReference; fileEncoding = 4; lastKnownFileType = sourcecode.c.objc; path = PDFXBorder.m; sourceTree = "<group>"; };
		76107FEB27BBF75200EAE9DA /* PDFXSelection.m */ = {isa = PBXFileReference; fileEncoding = 4; lastKnownFileType = sourcecode.c.objc; path = PDFXSelection.m; sourceTree = "<group>"; };
		76107FEC27BBF75200EAE9DA /* PDFXThumbnailView.m */ = {isa = PBXFileReference; fileEncoding = 4; lastKnownFileType = sourcecode.c.objc; path = PDFXThumbnailView.m; sourceTree = "<group>"; };
		76107FED27BBF75200EAE9DA /* PDFXAnnotation.m */ = {isa = PBXFileReference; fileEncoding = 4; lastKnownFileType = sourcecode.c.objc; path = PDFXAnnotation.m; sourceTree = "<group>"; };
		76107FEE27BBF75200EAE9DA /* PDFXActionGoTo.m */ = {isa = PBXFileReference; fileEncoding = 4; lastKnownFileType = sourcecode.c.objc; path = PDFXActionGoTo.m; sourceTree = "<group>"; };
		7615B41C27A341D5003477DE /* PDFXDocumentDelegate.h */ = {isa = PBXFileReference; fileEncoding = 4; lastKnownFileType = sourcecode.c.h; path = PDFXDocumentDelegate.h; sourceTree = "<group>"; };
		7615B41D27A341D5003477DE /* PDFXSelection+PSPDFKit.h */ = {isa = PBXFileReference; fileEncoding = 4; lastKnownFileType = sourcecode.c.h; path = "PDFXSelection+PSPDFKit.h"; sourceTree = "<group>"; };
		7615B41E27A341D5003477DE /* PDFXAnnotationPopup.h */ = {isa = PBXFileReference; fileEncoding = 4; lastKnownFileType = sourcecode.c.h; path = PDFXAnnotationPopup.h; sourceTree = "<group>"; };
		7615B41F27A341D5003477DE /* PDFXActionNamed+Swift.h */ = {isa = PBXFileReference; fileEncoding = 4; lastKnownFileType = sourcecode.c.h; path = "PDFXActionNamed+Swift.h"; sourceTree = "<group>"; };
		7615B42027A341D5003477DE /* PDFXAnnotation+Swift.h */ = {isa = PBXFileReference; fileEncoding = 4; lastKnownFileType = sourcecode.c.h; path = "PDFXAnnotation+Swift.h"; sourceTree = "<group>"; };
		7615B42127A341D5003477DE /* PDFXSelection.h */ = {isa = PBXFileReference; fileEncoding = 4; lastKnownFileType = sourcecode.c.h; path = PDFXSelection.h; sourceTree = "<group>"; };
		7615B42227A341D5003477DE /* PDFXBorder.h */ = {isa = PBXFileReference; fileEncoding = 4; lastKnownFileType = sourcecode.c.h; path = PDFXBorder.h; sourceTree = "<group>"; };
		7615B42327A341D5003477DE /* PDFXDocument.h */ = {isa = PBXFileReference; fileEncoding = 4; lastKnownFileType = sourcecode.c.h; path = PDFXDocument.h; sourceTree = "<group>"; };
		7615B42427A341D5003477DE /* PDFXAction+PSPDFKit.h */ = {isa = PBXFileReference; fileEncoding = 4; lastKnownFileType = sourcecode.c.h; path = "PDFXAction+PSPDFKit.h"; sourceTree = "<group>"; };
		7615B42527A341D5003477DE /* PDFXActionGoTo.h */ = {isa = PBXFileReference; fileEncoding = 4; lastKnownFileType = sourcecode.c.h; path = PDFXActionGoTo.h; sourceTree = "<group>"; };
		7615B42627A341D5003477DE /* PDFXActionResetForm+PSPDFKit.h */ = {isa = PBXFileReference; fileEncoding = 4; lastKnownFileType = sourcecode.c.h; path = "PDFXActionResetForm+PSPDFKit.h"; sourceTree = "<group>"; };
		7615B42727A341D5003477DE /* PDFXBorder+PSPDFKit.h */ = {isa = PBXFileReference; fileEncoding = 4; lastKnownFileType = sourcecode.c.h; path = "PDFXBorder+PSPDFKit.h"; sourceTree = "<group>"; };
		7615B42827A341D5003477DE /* PDFXThumbnailView+PSPDFKit.h */ = {isa = PBXFileReference; fileEncoding = 4; lastKnownFileType = sourcecode.c.h; path = "PDFXThumbnailView+PSPDFKit.h"; sourceTree = "<group>"; };
		7615B42927A341D5003477DE /* PDFXSelection+Swift.h */ = {isa = PBXFileReference; fileEncoding = 4; lastKnownFileType = sourcecode.c.h; path = "PDFXSelection+Swift.h"; sourceTree = "<group>"; };
		7615B42A27A341D5003477DE /* PDFXActionResetForm+Swift.h */ = {isa = PBXFileReference; fileEncoding = 4; lastKnownFileType = sourcecode.c.h; path = "PDFXActionResetForm+Swift.h"; sourceTree = "<group>"; };
		7615B42B27A341D5003477DE /* PDFXAnnotation.h */ = {isa = PBXFileReference; fileEncoding = 4; lastKnownFileType = sourcecode.c.h; path = PDFXAnnotation.h; sourceTree = "<group>"; };
		7615B42C27A341D5003477DE /* PDFXAction+Swift.h */ = {isa = PBXFileReference; fileEncoding = 4; lastKnownFileType = sourcecode.c.h; path = "PDFXAction+Swift.h"; sourceTree = "<group>"; };
		7615B42D27A341D5003477DE /* PDFXThumbnailView.h */ = {isa = PBXFileReference; fileEncoding = 4; lastKnownFileType = sourcecode.c.h; path = PDFXThumbnailView.h; sourceTree = "<group>"; };
		7615B42E27A341D5003477DE /* PDFXThumbnailView+Swift.h */ = {isa = PBXFileReference; fileEncoding = 4; lastKnownFileType = sourcecode.c.h; path = "PDFXThumbnailView+Swift.h"; sourceTree = "<group>"; };
		7615B42F27A341D5003477DE /* PDFXPlatform.h */ = {isa = PBXFileReference; fileEncoding = 4; lastKnownFileType = sourcecode.c.h; path = PDFXPlatform.h; sourceTree = "<group>"; };
		7615B43027A341D5003477DE /* PDFXCompatibility.h */ = {isa = PBXFileReference; fileEncoding = 4; lastKnownFileType = sourcecode.c.h; path = PDFXCompatibility.h; sourceTree = "<group>"; };
		7615B43127A341D5003477DE /* PDFXBorder+Swift.h */ = {isa = PBXFileReference; fileEncoding = 4; lastKnownFileType = sourcecode.c.h; path = "PDFXBorder+Swift.h"; sourceTree = "<group>"; };
		7615B43227A341D5003477DE /* PDFXActionNamed+PSPDFKit.h */ = {isa = PBXFileReference; fileEncoding = 4; lastKnownFileType = sourcecode.c.h; path = "PDFXActionNamed+PSPDFKit.h"; sourceTree = "<group>"; };
		7615B43327A341D5003477DE /* PDFXOutline.h */ = {isa = PBXFileReference; fileEncoding = 4; lastKnownFileType = sourcecode.c.h; path = PDFXOutline.h; sourceTree = "<group>"; };
		7615B43427A341D5003477DE /* PDFXKit.h */ = {isa = PBXFileReference; fileEncoding = 4; lastKnownFileType = sourcecode.c.h; path = PDFXKit.h; sourceTree = "<group>"; };
		7615B43527A341D5003477DE /* PDFXAppearanceCharacteristics.h */ = {isa = PBXFileReference; fileEncoding = 4; lastKnownFileType = sourcecode.c.h; path = PDFXAppearanceCharacteristics.h; sourceTree = "<group>"; };
		7615B43627A341D5003477DE /* PDFXAppearanceCharacteristics+PSPDFKit.h */ = {isa = PBXFileReference; fileEncoding = 4; lastKnownFileType = sourcecode.c.h; path = "PDFXAppearanceCharacteristics+PSPDFKit.h"; sourceTree = "<group>"; };
		7615B43727A341D5003477DE /* PDFXKit+PSPDFKit.h */ = {isa = PBXFileReference; fileEncoding = 4; lastKnownFileType = sourcecode.c.h; path = "PDFXKit+PSPDFKit.h"; sourceTree = "<group>"; };
		7615B43827A341D5003477DE /* PDFXDocument+PSPDFKit.h */ = {isa = PBXFileReference; fileEncoding = 4; lastKnownFileType = sourcecode.c.h; path = "PDFXDocument+PSPDFKit.h"; sourceTree = "<group>"; };
		7615B43927A341D5003477DE /* PDFXPage+Swift.h */ = {isa = PBXFileReference; fileEncoding = 4; lastKnownFileType = sourcecode.c.h; path = "PDFXPage+Swift.h"; sourceTree = "<group>"; };
		7615B43A27A341D5003477DE /* PDFXActionURL.h */ = {isa = PBXFileReference; fileEncoding = 4; lastKnownFileType = sourcecode.c.h; path = PDFXActionURL.h; sourceTree = "<group>"; };
		7615B43B27A341D5003477DE /* PDFXKit+Swift.h */ = {isa = PBXFileReference; fileEncoding = 4; lastKnownFileType = sourcecode.c.h; path = "PDFXKit+Swift.h"; sourceTree = "<group>"; };
		7615B43C27A341D5003477DE /* PDFXView+Swift.h */ = {isa = PBXFileReference; fileEncoding = 4; lastKnownFileType = sourcecode.c.h; path = "PDFXView+Swift.h"; sourceTree = "<group>"; };
		7615B43D27A341D5003477DE /* PDFXAnnotation+PSPDFKit.h */ = {isa = PBXFileReference; fileEncoding = 4; lastKnownFileType = sourcecode.c.h; path = "PDFXAnnotation+PSPDFKit.h"; sourceTree = "<group>"; };
		7615B43E27A341D5003477DE /* PDFXActionGoTo+Swift.h */ = {isa = PBXFileReference; fileEncoding = 4; lastKnownFileType = sourcecode.c.h; path = "PDFXActionGoTo+Swift.h"; sourceTree = "<group>"; };
		7615B43F27A341D5003477DE /* PDFXActionRemoteGoTo+Swift.h */ = {isa = PBXFileReference; fileEncoding = 4; lastKnownFileType = sourcecode.c.h; path = "PDFXActionRemoteGoTo+Swift.h"; sourceTree = "<group>"; };
		7615B44027A341D5003477DE /* PDFXActionGoTo+PSPDFKit.h */ = {isa = PBXFileReference; fileEncoding = 4; lastKnownFileType = sourcecode.c.h; path = "PDFXActionGoTo+PSPDFKit.h"; sourceTree = "<group>"; };
		7615B44127A341D5003477DE /* PDFXActionURL+Swift.h */ = {isa = PBXFileReference; fileEncoding = 4; lastKnownFileType = sourcecode.c.h; path = "PDFXActionURL+Swift.h"; sourceTree = "<group>"; };
		7615B44227A341D5003477DE /* PDFXView.h */ = {isa = PBXFileReference; fileEncoding = 4; lastKnownFileType = sourcecode.c.h; path = PDFXView.h; sourceTree = "<group>"; };
		7615B44327A341D5003477DE /* PDFXAction.h */ = {isa = PBXFileReference; fileEncoding = 4; lastKnownFileType = sourcecode.c.h; path = PDFXAction.h; sourceTree = "<group>"; };
		7615B44427A341D5003477DE /* PDFXDestination.h */ = {isa = PBXFileReference; fileEncoding = 4; lastKnownFileType = sourcecode.c.h; path = PDFXDestination.h; sourceTree = "<group>"; };
		7615B44527A341D5003477DE /* PDFXDocument+Swift.h */ = {isa = PBXFileReference; fileEncoding = 4; lastKnownFileType = sourcecode.c.h; path = "PDFXDocument+Swift.h"; sourceTree = "<group>"; };
		7615B44627A341D5003477DE /* PDFXActionRemoteGoTo+PSPDFKit.h */ = {isa = PBXFileReference; fileEncoding = 4; lastKnownFileType = sourcecode.c.h; path = "PDFXActionRemoteGoTo+PSPDFKit.h"; sourceTree = "<group>"; };
		7615B44827A341D5003477DE /* PDFXPage.h */ = {isa = PBXFileReference; fileEncoding = 4; lastKnownFileType = sourcecode.c.h; path = PDFXPage.h; sourceTree = "<group>"; };
		7615B44927A341D5003477DE /* PDFXViewDelegate.h */ = {isa = PBXFileReference; fileEncoding = 4; lastKnownFileType = sourcecode.c.h; path = PDFXViewDelegate.h; sourceTree = "<group>"; };
		7615B44A27A341D5003477DE /* PDFXDestination+PSPDFKit.h */ = {isa = PBXFileReference; fileEncoding = 4; lastKnownFileType = sourcecode.c.h; path = "PDFXDestination+PSPDFKit.h"; sourceTree = "<group>"; };
		7615B44B27A341D5003477DE /* PDFXDestination+Swift.h */ = {isa = PBXFileReference; fileEncoding = 4; lastKnownFileType = sourcecode.c.h; path = "PDFXDestination+Swift.h"; sourceTree = "<group>"; };
		7615B44C27A341D5003477DE /* PDFXAnnotationPopup+Swift.h */ = {isa = PBXFileReference; fileEncoding = 4; lastKnownFileType = sourcecode.c.h; path = "PDFXAnnotationPopup+Swift.h"; sourceTree = "<group>"; };
		7615B44D27A341D5003477DE /* PDFXActionResetForm.h */ = {isa = PBXFileReference; fileEncoding = 4; lastKnownFileType = sourcecode.c.h; path = PDFXActionResetForm.h; sourceTree = "<group>"; };
		7615B44E27A341D5003477DE /* PDFXPage+PSPDFKit.h */ = {isa = PBXFileReference; fileEncoding = 4; lastKnownFileType = sourcecode.c.h; path = "PDFXPage+PSPDFKit.h"; sourceTree = "<group>"; };
		7615B44F27A341D5003477DE /* PDFXActionNamed.h */ = {isa = PBXFileReference; fileEncoding = 4; lastKnownFileType = sourcecode.c.h; path = PDFXActionNamed.h; sourceTree = "<group>"; };
		7615B45027A341D5003477DE /* PSPDFKit+PDFXKit.h */ = {isa = PBXFileReference; fileEncoding = 4; lastKnownFileType = sourcecode.c.h; path = "PSPDFKit+PDFXKit.h"; sourceTree = "<group>"; };
		7615B45127A341D5003477DE /* PDFXView+PSPDFKit.h */ = {isa = PBXFileReference; fileEncoding = 4; lastKnownFileType = sourcecode.c.h; path = "PDFXView+PSPDFKit.h"; sourceTree = "<group>"; };
		7615B45227A341D5003477DE /* PDFXOutline+PSPDFKit.h */ = {isa = PBXFileReference; fileEncoding = 4; lastKnownFileType = sourcecode.c.h; path = "PDFXOutline+PSPDFKit.h"; sourceTree = "<group>"; };
		7615B45327A341D5003477DE /* PDFXActionURL+PSPDFKit.h */ = {isa = PBXFileReference; fileEncoding = 4; lastKnownFileType = sourcecode.c.h; path = "PDFXActionURL+PSPDFKit.h"; sourceTree = "<group>"; };
		7615B45427A341D5003477DE /* PDFXAnnotationPopup+PSPDFKit.h */ = {isa = PBXFileReference; fileEncoding = 4; lastKnownFileType = sourcecode.c.h; path = "PDFXAnnotationPopup+PSPDFKit.h"; sourceTree = "<group>"; };
		7615B45527A341D5003477DE /* PDFXActionRemoteGoTo.h */ = {isa = PBXFileReference; fileEncoding = 4; lastKnownFileType = sourcecode.c.h; path = PDFXActionRemoteGoTo.h; sourceTree = "<group>"; };
		7615B45627A341D5003477DE /* PDFXAppearanceCharacteristics+Swift.h */ = {isa = PBXFileReference; fileEncoding = 4; lastKnownFileType = sourcecode.c.h; path = "PDFXAppearanceCharacteristics+Swift.h"; sourceTree = "<group>"; };
		7615B45727A341D5003477DE /* PDFXOutline+Swift.h */ = {isa = PBXFileReference; fileEncoding = 4; lastKnownFileType = sourcecode.c.h; path = "PDFXOutline+Swift.h"; sourceTree = "<group>"; };
		7615B45927A341D5003477DE /* PDFXPage+Private.h */ = {isa = PBXFileReference; fileEncoding = 4; lastKnownFileType = sourcecode.c.h; path = "PDFXPage+Private.h"; sourceTree = "<group>"; };
		7615B45A27A341D5003477DE /* PDFXPlatform+Private.h */ = {isa = PBXFileReference; fileEncoding = 4; lastKnownFileType = sourcecode.c.h; path = "PDFXPlatform+Private.h"; sourceTree = "<group>"; };
		7615B45B27A341D5003477DE /* PDFXSelection+Private.h */ = {isa = PBXFileReference; fileEncoding = 4; lastKnownFileType = sourcecode.c.h; path = "PDFXSelection+Private.h"; sourceTree = "<group>"; };
		7615B46F27A341D5003477DE /* PDFXCompatibility.swift */ = {isa = PBXFileReference; fileEncoding = 4; lastKnownFileType = sourcecode.swift; path = PDFXCompatibility.swift; sourceTree = "<group>"; };
		761995F62799923D00BD8C10 /* Package.swift */ = {isa = PBXFileReference; lastKnownFileType = sourcecode.swift; path = Package.swift; sourceTree = "<group>"; };
		76CD34862799B8EE00ABB8F0 /* PSPDFKit.xcframework */ = {isa = PBXFileReference; lastKnownFileType = wrapper.xcframework; path = PSPDFKit.xcframework; sourceTree = "<group>"; };
		76CD34872799B8EE00ABB8F0 /* PSPDFKitUI.xcframework */ = {isa = PBXFileReference; lastKnownFileType = wrapper.xcframework; path = PSPDFKitUI.xcframework; sourceTree = "<group>"; };
		843F386A23F8947B00E0F579 /* PDFKit.framework */ = {isa = PBXFileReference; lastKnownFileType = wrapper.framework; name = PDFKit.framework; path = Platforms/MacOSX.platform/Developer/SDKs/MacOSX10.15.sdk/System/Library/Frameworks/PDFKit.framework; sourceTree = DEVELOPER_DIR; };
		B33361B71F5D0C7500A3F726 /* PDFKit.framework */ = {isa = PBXFileReference; lastKnownFileType = wrapper.framework; name = PDFKit.framework; path = System/Library/Frameworks/PDFKit.framework; sourceTree = SDKROOT; };
		B34D11DF1F3E53F500F3337E /* PDFXKitObjectiveCTests.m */ = {isa = PBXFileReference; lastKnownFileType = sourcecode.c.objc; path = PDFXKitObjectiveCTests.m; sourceTree = "<group>"; };
		B3AC203F1F3AE6C500D46641 /* PDFXKit.framework */ = {isa = PBXFileReference; explicitFileType = wrapper.framework; includeInIndex = 0; path = PDFXKit.framework; sourceTree = BUILT_PRODUCTS_DIR; };
		B3AC20431F3AE6C500D46641 /* PDFXKit-Info.plist */ = {isa = PBXFileReference; lastKnownFileType = text.plist.xml; path = "PDFXKit-Info.plist"; sourceTree = "<group>"; };
		B3AC20481F3AE6C500D46641 /* PDFXKitTests.xctest */ = {isa = PBXFileReference; explicitFileType = wrapper.cfbundle; includeInIndex = 0; path = PDFXKitTests.xctest; sourceTree = BUILT_PRODUCTS_DIR; };
		B3AC204F1F3AE6C500D46641 /* PDFXKitTests-Info.plist */ = {isa = PBXFileReference; lastKnownFileType = text.plist.xml; path = "PDFXKitTests-Info.plist"; sourceTree = "<group>"; };
/* End PBXFileReference section */

/* Begin PBXFrameworksBuildPhase section */
		B3AC203B1F3AE6C500D46641 /* Frameworks */ = {
			isa = PBXFrameworksBuildPhase;
			buildActionMask = 2147483647;
			files = (
				76CD34892799B8EE00ABB8F0 /* PSPDFKitUI.xcframework in Frameworks */,
				76CD34882799B8EE00ABB8F0 /* PSPDFKit.xcframework in Frameworks */,
				843F386B23F8947B00E0F579 /* PDFKit.framework in Frameworks */,
			);
			runOnlyForDeploymentPostprocessing = 0;
		};
		B3AC20451F3AE6C500D46641 /* Frameworks */ = {
			isa = PBXFrameworksBuildPhase;
			buildActionMask = 2147483647;
			files = (
				B3AC20491F3AE6C500D46641 /* PDFXKit.framework in Frameworks */,
			);
			runOnlyForDeploymentPostprocessing = 0;
		};
/* End PBXFrameworksBuildPhase section */

/* Begin PBXGroup section */
		76107FDD27BBF75200EAE9DA /* ObjC */ = {
			isa = PBXGroup;
			children = (
				76107FDE27BBF75200EAE9DA /* PDFXActionURL.m */,
				76107FDF27BBF75200EAE9DA /* PDFXAppearanceCharacteristics.m */,
				76107FE027BBF75200EAE9DA /* PDFXOutline.m */,
				76107FE127BBF75200EAE9DA /* PDFXDestination.m */,
				76107FE227BBF75200EAE9DA /* PDFXAction.m */,
				76107FE327BBF75200EAE9DA /* PDFXView.m */,
				76107FE427BBF75200EAE9DA /* PDFXActionNamed.m */,
				76107FE527BBF75200EAE9DA /* PDFXActionResetForm.m */,
				76107FE627BBF75200EAE9DA /* PDFXPage.m */,
				76107FE727BBF75200EAE9DA /* PDFXActionRemoteGoTo.m */,
				76107FE827BBF75200EAE9DA /* PDFXAnnotationPopup.m */,
				76107FE927BBF75200EAE9DA /* PDFXDocument.m */,
				76107FEA27BBF75200EAE9DA /* PDFXBorder.m */,
				76107FEB27BBF75200EAE9DA /* PDFXSelection.m */,
				76107FEC27BBF75200EAE9DA /* PDFXThumbnailView.m */,
				76107FED27BBF75200EAE9DA /* PDFXAnnotation.m */,
				76107FEE27BBF75200EAE9DA /* PDFXActionGoTo.m */,
			);
			path = ObjC;
			sourceTree = "<group>";
		};
		7615B41A27A341D5003477DE /* PDFXKitObjC */ = {
			isa = PBXGroup;
			children = (
				76107FDD27BBF75200EAE9DA /* ObjC */,
				7615B41B27A341D5003477DE /* Public */,
				7615B45827A341D5003477DE /* Private */,
			);
			path = PDFXKitObjC;
			sourceTree = "<group>";
		};
		7615B41B27A341D5003477DE /* Public */ = {
			isa = PBXGroup;
			children = (
				7615B44F27A341D5003477DE /* PDFXActionNamed.h */,
				7615B41C27A341D5003477DE /* PDFXDocumentDelegate.h */,
				7615B41E27A341D5003477DE /* PDFXAnnotationPopup.h */,
				7615B41F27A341D5003477DE /* PDFXActionNamed+Swift.h */,
				7615B42027A341D5003477DE /* PDFXAnnotation+Swift.h */,
				7615B42127A341D5003477DE /* PDFXSelection.h */,
				7615B42227A341D5003477DE /* PDFXBorder.h */,
				7615B42327A341D5003477DE /* PDFXDocument.h */,
				7615B42527A341D5003477DE /* PDFXActionGoTo.h */,
				7615B42927A341D5003477DE /* PDFXSelection+Swift.h */,
				7615B42A27A341D5003477DE /* PDFXActionResetForm+Swift.h */,
				7615B42B27A341D5003477DE /* PDFXAnnotation.h */,
				7615B42C27A341D5003477DE /* PDFXAction+Swift.h */,
				7615B42D27A341D5003477DE /* PDFXThumbnailView.h */,
				7615B42E27A341D5003477DE /* PDFXThumbnailView+Swift.h */,
				7615B42F27A341D5003477DE /* PDFXPlatform.h */,
				7615B43027A341D5003477DE /* PDFXCompatibility.h */,
				7615B43127A341D5003477DE /* PDFXBorder+Swift.h */,
				7615B43327A341D5003477DE /* PDFXOutline.h */,
				7615B43427A341D5003477DE /* PDFXKit.h */,
				7615B43527A341D5003477DE /* PDFXAppearanceCharacteristics.h */,
				7615B43927A341D5003477DE /* PDFXPage+Swift.h */,
				7615B43A27A341D5003477DE /* PDFXActionURL.h */,
				7615B43B27A341D5003477DE /* PDFXKit+Swift.h */,
				7615B43C27A341D5003477DE /* PDFXView+Swift.h */,
				7615B43E27A341D5003477DE /* PDFXActionGoTo+Swift.h */,
				7615B43F27A341D5003477DE /* PDFXActionRemoteGoTo+Swift.h */,
				7615B44127A341D5003477DE /* PDFXActionURL+Swift.h */,
				7615B44227A341D5003477DE /* PDFXView.h */,
				7615B44327A341D5003477DE /* PDFXAction.h */,
				7615B44427A341D5003477DE /* PDFXDestination.h */,
				7615B44527A341D5003477DE /* PDFXDocument+Swift.h */,
				7615B44827A341D5003477DE /* PDFXPage.h */,
				7615B44927A341D5003477DE /* PDFXViewDelegate.h */,
				7615B44B27A341D5003477DE /* PDFXDestination+Swift.h */,
				7615B44C27A341D5003477DE /* PDFXAnnotationPopup+Swift.h */,
				7615B44D27A341D5003477DE /* PDFXActionResetForm.h */,
				7615B45527A341D5003477DE /* PDFXActionRemoteGoTo.h */,
				7615B45627A341D5003477DE /* PDFXAppearanceCharacteristics+Swift.h */,
				7615B45727A341D5003477DE /* PDFXOutline+Swift.h */,
			);
			path = Public;
			sourceTree = "<group>";
		};
		7615B45827A341D5003477DE /* Private */ = {
			isa = PBXGroup;
			children = (
				7615B43727A341D5003477DE /* PDFXKit+PSPDFKit.h */,
				7615B45027A341D5003477DE /* PSPDFKit+PDFXKit.h */,
				7615B42727A341D5003477DE /* PDFXBorder+PSPDFKit.h */,
				7615B44027A341D5003477DE /* PDFXActionGoTo+PSPDFKit.h */,
				7615B43227A341D5003477DE /* PDFXActionNamed+PSPDFKit.h */,
				7615B41D27A341D5003477DE /* PDFXSelection+PSPDFKit.h */,
				7615B42427A341D5003477DE /* PDFXAction+PSPDFKit.h */,
				7615B42627A341D5003477DE /* PDFXActionResetForm+PSPDFKit.h */,
				7615B42827A341D5003477DE /* PDFXThumbnailView+PSPDFKit.h */,
				7615B43627A341D5003477DE /* PDFXAppearanceCharacteristics+PSPDFKit.h */,
				7615B43827A341D5003477DE /* PDFXDocument+PSPDFKit.h */,
				7615B43D27A341D5003477DE /* PDFXAnnotation+PSPDFKit.h */,
				7615B44627A341D5003477DE /* PDFXActionRemoteGoTo+PSPDFKit.h */,
				7615B44A27A341D5003477DE /* PDFXDestination+PSPDFKit.h */,
				7615B44E27A341D5003477DE /* PDFXPage+PSPDFKit.h */,
				7615B45127A341D5003477DE /* PDFXView+PSPDFKit.h */,
				7615B45227A341D5003477DE /* PDFXOutline+PSPDFKit.h */,
				7615B45327A341D5003477DE /* PDFXActionURL+PSPDFKit.h */,
				7615B45427A341D5003477DE /* PDFXAnnotationPopup+PSPDFKit.h */,
				7615B45927A341D5003477DE /* PDFXPage+Private.h */,
				7615B45A27A341D5003477DE /* PDFXPlatform+Private.h */,
				7615B45B27A341D5003477DE /* PDFXSelection+Private.h */,
			);
			path = Private;
			sourceTree = "<group>";
		};
		7615B46E27A341D5003477DE /* PDFXKit */ = {
			isa = PBXGroup;
			children = (
				7615B46F27A341D5003477DE /* PDFXCompatibility.swift */,
			);
			path = PDFXKit;
			sourceTree = "<group>";
		};
		B36272F21F3AE76E00459783 /* Sources */ = {
			isa = PBXGroup;
			children = (
				7615B46E27A341D5003477DE /* PDFXKit */,
				7615B41A27A341D5003477DE /* PDFXKitObjC */,
			);
			path = Sources;
			sourceTree = "<group>";
		};
		B36272F31F3AE77500459783 /* Tests */ = {
			isa = PBXGroup;
			children = (
				B34D11DF1F3E53F500F3337E /* PDFXKitObjectiveCTests.m */,
			);
			path = Tests;
			sourceTree = "<group>";
		};
		B36272F61F3AE79800459783 /* InfoPlists */ = {
			isa = PBXGroup;
			children = (
				B3AC20431F3AE6C500D46641 /* PDFXKit-Info.plist */,
				B3AC204F1F3AE6C500D46641 /* PDFXKitTests-Info.plist */,
			);
			path = InfoPlists;
			sourceTree = "<group>";
		};
		B3AC20351F3AE6C400D46641 = {
			isa = PBXGroup;
			children = (
				761995F62799923D00BD8C10 /* Package.swift */,
				B36272F21F3AE76E00459783 /* Sources */,
				B3AD77561F4CA5040002E789 /* Frameworks */,
				B36272F61F3AE79800459783 /* InfoPlists */,
				B3AC20401F3AE6C500D46641 /* Products */,
				B36272F31F3AE77500459783 /* Tests */,
			);
			sourceTree = "<group>";
		};
		B3AC20401F3AE6C500D46641 /* Products */ = {
			isa = PBXGroup;
			children = (
				B3AC203F1F3AE6C500D46641 /* PDFXKit.framework */,
				B3AC20481F3AE6C500D46641 /* PDFXKitTests.xctest */,
			);
			name = Products;
			sourceTree = "<group>";
		};
		B3AD77561F4CA5040002E789 /* Frameworks */ = {
			isa = PBXGroup;
			children = (
				76CD34862799B8EE00ABB8F0 /* PSPDFKit.xcframework */,
				76CD34872799B8EE00ABB8F0 /* PSPDFKitUI.xcframework */,
				B33361B71F5D0C7500A3F726 /* PDFKit.framework */,
				843F386A23F8947B00E0F579 /* PDFKit.framework */,
			);
			path = Frameworks;
			sourceTree = "<group>";
		};
/* End PBXGroup section */

/* Begin PBXHeadersBuildPhase section */
		B3AC203C1F3AE6C500D46641 /* Headers */ = {
			isa = PBXHeadersBuildPhase;
			buildActionMask = 2147483647;
			files = (
				7615B49727A341D5003477DE /* PDFXAction.h in Headers */,
				7615B48127A341D5003477DE /* PDFXThumbnailView.h in Headers */,
				7615B48E27A341D5003477DE /* PDFXActionURL.h in Headers */,
				7615B49C27A341D5003477DE /* PDFXPage.h in Headers */,
				7615B47F27A341D5003477DE /* PDFXAnnotation.h in Headers */,
				7615B48927A341D5003477DE /* PDFXAppearanceCharacteristics.h in Headers */,
				7615B47527A341D5003477DE /* PDFXSelection.h in Headers */,
				7615B47927A341D5003477DE /* PDFXActionGoTo.h in Headers */,
				7615B49627A341D5003477DE /* PDFXView.h in Headers */,
				7615B47627A341D5003477DE /* PDFXBorder.h in Headers */,
				7615B48427A341D5003477DE /* PDFXCompatibility.h in Headers */,
				7615B4A927A341D5003477DE /* PDFXActionRemoteGoTo.h in Headers */,
				7615B4A327A341D5003477DE /* PDFXActionNamed.h in Headers */,
				7615B49D27A341D5003477DE /* PDFXViewDelegate.h in Headers */,
				7615B4A127A341D5003477DE /* PDFXActionResetForm.h in Headers */,
				7615B47727A341D5003477DE /* PDFXDocument.h in Headers */,
				7615B49827A341D5003477DE /* PDFXDestination.h in Headers */,
				7615B47227A341D5003477DE /* PDFXAnnotationPopup.h in Headers */,
				7615B48727A341D5003477DE /* PDFXOutline.h in Headers */,
				7615B48327A341D5003477DE /* PDFXPlatform.h in Headers */,
				7615B48D27A341D5003477DE /* PDFXPage+Swift.h in Headers */,
				7615B49027A341D5003477DE /* PDFXView+Swift.h in Headers */,
				7615B47E27A341D5003477DE /* PDFXActionResetForm+Swift.h in Headers */,
				7615B4AB27A341D5003477DE /* PDFXOutline+Swift.h in Headers */,
				7615B47427A341D5003477DE /* PDFXAnnotation+Swift.h in Headers */,
				7615B4A027A341D5003477DE /* PDFXAnnotationPopup+Swift.h in Headers */,
				7615B47327A341D5003477DE /* PDFXActionNamed+Swift.h in Headers */,
				7615B48F27A341D5003477DE /* PDFXKit+Swift.h in Headers */,
				7615B49927A341D5003477DE /* PDFXDocument+Swift.h in Headers */,
				7615B48527A341D5003477DE /* PDFXBorder+Swift.h in Headers */,
				7615B49327A341D5003477DE /* PDFXActionRemoteGoTo+Swift.h in Headers */,
				7615B49527A341D5003477DE /* PDFXActionURL+Swift.h in Headers */,
				7615B48227A341D5003477DE /* PDFXThumbnailView+Swift.h in Headers */,
				7615B4AA27A341D5003477DE /* PDFXAppearanceCharacteristics+Swift.h in Headers */,
				7615B49F27A341D5003477DE /* PDFXDestination+Swift.h in Headers */,
				7615B47D27A341D5003477DE /* PDFXSelection+Swift.h in Headers */,
				7615B49227A341D5003477DE /* PDFXActionGoTo+Swift.h in Headers */,
				7615B48027A341D5003477DE /* PDFXAction+Swift.h in Headers */,
				7615B47027A341D5003477DE /* PDFXDocumentDelegate.h in Headers */,
				7615B48827A341D5003477DE /* PDFXKit.h in Headers */,
				7615B47127A341D5003477DE /* PDFXSelection+PSPDFKit.h in Headers */,
				7615B47827A341D5003477DE /* PDFXAction+PSPDFKit.h in Headers */,
				7615B48C27A341D5003477DE /* PDFXDocument+PSPDFKit.h in Headers */,
				7615B47B27A341D5003477DE /* PDFXBorder+PSPDFKit.h in Headers */,
				7615B47A27A341D5003477DE /* PDFXActionResetForm+PSPDFKit.h in Headers */,
				7615B48B27A341D5003477DE /* PDFXKit+PSPDFKit.h in Headers */,
				7615B4A427A341D5003477DE /* PSPDFKit+PDFXKit.h in Headers */,
				7615B4A627A341D5003477DE /* PDFXOutline+PSPDFKit.h in Headers */,
				7615B4A827A341D5003477DE /* PDFXAnnotationPopup+PSPDFKit.h in Headers */,
				7615B47C27A341D5003477DE /* PDFXThumbnailView+PSPDFKit.h in Headers */,
				7615B49127A341D5003477DE /* PDFXAnnotation+PSPDFKit.h in Headers */,
				7615B4A727A341D5003477DE /* PDFXActionURL+PSPDFKit.h in Headers */,
				7615B48A27A341D5003477DE /* PDFXAppearanceCharacteristics+PSPDFKit.h in Headers */,
				7615B49E27A341D5003477DE /* PDFXDestination+PSPDFKit.h in Headers */,
				7615B4A527A341D5003477DE /* PDFXView+PSPDFKit.h in Headers */,
				7615B4A227A341D5003477DE /* PDFXPage+PSPDFKit.h in Headers */,
				7615B48627A341D5003477DE /* PDFXActionNamed+PSPDFKit.h in Headers */,
				7615B4AC27A341D5003477DE /* PDFXPage+Private.h in Headers */,
				7615B4AE27A341D5003477DE /* PDFXSelection+Private.h in Headers */,
				7615B4AD27A341D5003477DE /* PDFXPlatform+Private.h in Headers */,
				7615B49427A341D5003477DE /* PDFXActionGoTo+PSPDFKit.h in Headers */,
				7615B49A27A341D5003477DE /* PDFXActionRemoteGoTo+PSPDFKit.h in Headers */,
			);
			runOnlyForDeploymentPostprocessing = 0;
		};
/* End PBXHeadersBuildPhase section */

/* Begin PBXNativeTarget section */
		B3AC203E1F3AE6C500D46641 /* PDFXKit */ = {
			isa = PBXNativeTarget;
			buildConfigurationList = B3AC20531F3AE6C500D46641 /* Build configuration list for PBXNativeTarget "PDFXKit" */;
			buildPhases = (
				B3AC203A1F3AE6C500D46641 /* Sources */,
				B3AC203B1F3AE6C500D46641 /* Frameworks */,
				B3AC203C1F3AE6C500D46641 /* Headers */,
			);
			buildRules = (
			);
			dependencies = (
			);
			name = PDFXKit;
			productName = PDFXKit;
			productReference = B3AC203F1F3AE6C500D46641 /* PDFXKit.framework */;
			productType = "com.apple.product-type.framework";
		};
		B3AC20471F3AE6C500D46641 /* PDFXKitTests */ = {
			isa = PBXNativeTarget;
			buildConfigurationList = B3AC20561F3AE6C500D46641 /* Build configuration list for PBXNativeTarget "PDFXKitTests" */;
			buildPhases = (
				B3AC20441F3AE6C500D46641 /* Sources */,
				B3AC20451F3AE6C500D46641 /* Frameworks */,
				B3AC20461F3AE6C500D46641 /* Resources */,
			);
			buildRules = (
			);
			dependencies = (
				B3AC204B1F3AE6C500D46641 /* PBXTargetDependency */,
			);
			name = PDFXKitTests;
			productName = PDFXKitTests;
			productReference = B3AC20481F3AE6C500D46641 /* PDFXKitTests.xctest */;
			productType = "com.apple.product-type.bundle.unit-test";
		};
/* End PBXNativeTarget section */

/* Begin PBXProject section */
		B3AC20361F3AE6C400D46641 /* Project object */ = {
			isa = PBXProject;
			attributes = {
				LastSwiftUpdateCheck = 0900;
				LastUpgradeCheck = 1200;
				ORGANIZATIONNAME = "PSPDFKit GmbH";
				TargetAttributes = {
					B3AC203E1F3AE6C500D46641 = {
						CreatedOnToolsVersion = 8.3.3;
						DevelopmentTeam = YARQNYSS42;
						LastSwiftMigration = 1020;
						ProvisioningStyle = Automatic;
					};
					B3AC20471F3AE6C500D46641 = {
						CreatedOnToolsVersion = 8.3.3;
						DevelopmentTeam = YARQNYSS42;
						LastSwiftMigration = 0900;
						ProvisioningStyle = Automatic;
					};
				};
			};
			buildConfigurationList = B3AC20391F3AE6C400D46641 /* Build configuration list for PBXProject "PDFXKit" */;
			compatibilityVersion = "Xcode 3.2";
			developmentRegion = en;
			hasScannedForEncodings = 0;
			knownRegions = (
				en,
				Base,
			);
			mainGroup = B3AC20351F3AE6C400D46641;
			productRefGroup = B3AC20401F3AE6C500D46641 /* Products */;
			projectDirPath = "";
			projectRoot = "";
			targets = (
				B3AC203E1F3AE6C500D46641 /* PDFXKit */,
				B3AC20471F3AE6C500D46641 /* PDFXKitTests */,
			);
		};
/* End PBXProject section */

/* Begin PBXResourcesBuildPhase section */
		B3AC20461F3AE6C500D46641 /* Resources */ = {
			isa = PBXResourcesBuildPhase;
			buildActionMask = 2147483647;
			files = (
			);
			runOnlyForDeploymentPostprocessing = 0;
		};
/* End PBXResourcesBuildPhase section */

/* Begin PBXSourcesBuildPhase section */
		B3AC203A1F3AE6C500D46641 /* Sources */ = {
			isa = PBXSourcesBuildPhase;
			buildActionMask = 2147483647;
			files = (
				76107FF227BBF75200EAE9DA /* PDFXDestination.m in Sources */,
				76107FF527BBF75200EAE9DA /* PDFXActionNamed.m in Sources */,
				76107FF827BBF75200EAE9DA /* PDFXActionRemoteGoTo.m in Sources */,
				76107FF027BBF75200EAE9DA /* PDFXAppearanceCharacteristics.m in Sources */,
				76107FFC27BBF75200EAE9DA /* PDFXSelection.m in Sources */,
				76107FF627BBF75200EAE9DA /* PDFXActionResetForm.m in Sources */,
				76107FFF27BBF75200EAE9DA /* PDFXActionGoTo.m in Sources */,
				76107FFB27BBF75200EAE9DA /* PDFXBorder.m in Sources */,
				76107FF927BBF75200EAE9DA /* PDFXAnnotationPopup.m in Sources */,
				7615B4BF27A341D5003477DE /* PDFXCompatibility.swift in Sources */,
				76107FF427BBF75200EAE9DA /* PDFXView.m in Sources */,
				76107FFA27BBF75200EAE9DA /* PDFXDocument.m in Sources */,
				76107FFE27BBF75200EAE9DA /* PDFXAnnotation.m in Sources */,
				76107FF727BBF75200EAE9DA /* PDFXPage.m in Sources */,
				76107FF327BBF75200EAE9DA /* PDFXAction.m in Sources */,
				76107FF127BBF75200EAE9DA /* PDFXOutline.m in Sources */,
				76107FEF27BBF75200EAE9DA /* PDFXActionURL.m in Sources */,
				76107FFD27BBF75200EAE9DA /* PDFXThumbnailView.m in Sources */,
			);
			runOnlyForDeploymentPostprocessing = 0;
		};
		B3AC20441F3AE6C500D46641 /* Sources */ = {
			isa = PBXSourcesBuildPhase;
			buildActionMask = 2147483647;
			files = (
				B34D11E01F3E53F500F3337E /* PDFXKitObjectiveCTests.m in Sources */,
			);
			runOnlyForDeploymentPostprocessing = 0;
		};
/* End PBXSourcesBuildPhase section */

/* Begin PBXTargetDependency section */
		B3AC204B1F3AE6C500D46641 /* PBXTargetDependency */ = {
			isa = PBXTargetDependency;
			target = B3AC203E1F3AE6C500D46641 /* PDFXKit */;
			targetProxy = B3AC204A1F3AE6C500D46641 /* PBXContainerItemProxy */;
		};
/* End PBXTargetDependency section */

/* Begin XCBuildConfiguration section */
		B3AC20511F3AE6C500D46641 /* Debug */ = {
			isa = XCBuildConfiguration;
			buildSettings = {
				ALWAYS_SEARCH_USER_PATHS = NO;
				BUILD_LIBRARY_FOR_DISTRIBUTION = NO;
				CLANG_ANALYZER_NONNULL = YES;
				CLANG_ANALYZER_NUMBER_OBJECT_CONVERSION = YES_AGGRESSIVE;
				CLANG_CXX_LANGUAGE_STANDARD = "gnu++0x";
				CLANG_CXX_LIBRARY = "libc++";
				CLANG_ENABLE_MODULES = YES;
				CLANG_ENABLE_OBJC_ARC = YES;
				CLANG_WARN_BLOCK_CAPTURE_AUTORELEASING = YES;
				CLANG_WARN_BOOL_CONVERSION = YES;
				CLANG_WARN_COMMA = YES;
				CLANG_WARN_CONSTANT_CONVERSION = YES;
				CLANG_WARN_DEPRECATED_OBJC_IMPLEMENTATIONS = YES;
				CLANG_WARN_DIRECT_OBJC_ISA_USAGE = YES_ERROR;
				CLANG_WARN_DOCUMENTATION_COMMENTS = YES;
				CLANG_WARN_EMPTY_BODY = YES;
				CLANG_WARN_ENUM_CONVERSION = YES;
				CLANG_WARN_INFINITE_RECURSION = YES;
				CLANG_WARN_INT_CONVERSION = YES;
				CLANG_WARN_NON_LITERAL_NULL_CONVERSION = YES;
				CLANG_WARN_OBJC_IMPLICIT_RETAIN_SELF = YES;
				CLANG_WARN_OBJC_LITERAL_CONVERSION = YES;
				CLANG_WARN_OBJC_ROOT_CLASS = YES_ERROR;
				CLANG_WARN_QUOTED_INCLUDE_IN_FRAMEWORK_HEADER = YES;
				CLANG_WARN_RANGE_LOOP_ANALYSIS = YES;
				CLANG_WARN_STRICT_PROTOTYPES = YES;
				CLANG_WARN_SUSPICIOUS_MOVE = YES;
				CLANG_WARN_UNREACHABLE_CODE = YES;
				CLANG_WARN__DUPLICATE_METHOD_MATCH = YES;
				"CODE_SIGN_IDENTITY[sdk=iphoneos*]" = "iPhone Developer";
				COPY_PHASE_STRIP = NO;
				CURRENT_PROJECT_VERSION = 1;
				DEBUG_INFORMATION_FORMAT = dwarf;
				ENABLE_STRICT_OBJC_MSGSEND = YES;
				ENABLE_TESTABILITY = YES;
				GCC_C_LANGUAGE_STANDARD = gnu99;
				GCC_DYNAMIC_NO_PIC = NO;
				GCC_NO_COMMON_BLOCKS = YES;
				GCC_OPTIMIZATION_LEVEL = 0;
				GCC_PREPROCESSOR_DEFINITIONS = (
					"DEBUG=1",
					"$(inherited)",
				);
				GCC_WARN_64_TO_32_BIT_CONVERSION = YES;
				GCC_WARN_ABOUT_RETURN_TYPE = YES_ERROR;
				GCC_WARN_UNDECLARED_SELECTOR = YES;
				GCC_WARN_UNINITIALIZED_AUTOS = YES_AGGRESSIVE;
				GCC_WARN_UNUSED_FUNCTION = YES;
				GCC_WARN_UNUSED_VARIABLE = YES;
				IPHONEOS_DEPLOYMENT_TARGET = 13.0;
				MTL_ENABLE_DEBUG_INFO = YES;
				ONLY_ACTIVE_ARCH = YES;
				SDKROOT = iphoneos;
				SUPPORTED_PLATFORMS = "iphonesimulator iphoneos macosx";
				SWIFT_VERSION = 5.0;
				TARGETED_DEVICE_FAMILY = "1,2";
				VERSIONING_SYSTEM = "apple-generic";
				VERSION_INFO_PREFIX = "";
			};
			name = Debug;
		};
		B3AC20521F3AE6C500D46641 /* Release */ = {
			isa = XCBuildConfiguration;
			buildSettings = {
				ALWAYS_SEARCH_USER_PATHS = NO;
				BUILD_LIBRARY_FOR_DISTRIBUTION = NO;
				CLANG_ANALYZER_NONNULL = YES;
				CLANG_ANALYZER_NUMBER_OBJECT_CONVERSION = YES_AGGRESSIVE;
				CLANG_CXX_LANGUAGE_STANDARD = "gnu++0x";
				CLANG_CXX_LIBRARY = "libc++";
				CLANG_ENABLE_MODULES = YES;
				CLANG_ENABLE_OBJC_ARC = YES;
				CLANG_WARN_BLOCK_CAPTURE_AUTORELEASING = YES;
				CLANG_WARN_BOOL_CONVERSION = YES;
				CLANG_WARN_COMMA = YES;
				CLANG_WARN_CONSTANT_CONVERSION = YES;
				CLANG_WARN_DEPRECATED_OBJC_IMPLEMENTATIONS = YES;
				CLANG_WARN_DIRECT_OBJC_ISA_USAGE = YES_ERROR;
				CLANG_WARN_DOCUMENTATION_COMMENTS = YES;
				CLANG_WARN_EMPTY_BODY = YES;
				CLANG_WARN_ENUM_CONVERSION = YES;
				CLANG_WARN_INFINITE_RECURSION = YES;
				CLANG_WARN_INT_CONVERSION = YES;
				CLANG_WARN_NON_LITERAL_NULL_CONVERSION = YES;
				CLANG_WARN_OBJC_IMPLICIT_RETAIN_SELF = YES;
				CLANG_WARN_OBJC_LITERAL_CONVERSION = YES;
				CLANG_WARN_OBJC_ROOT_CLASS = YES_ERROR;
				CLANG_WARN_QUOTED_INCLUDE_IN_FRAMEWORK_HEADER = YES;
				CLANG_WARN_RANGE_LOOP_ANALYSIS = YES;
				CLANG_WARN_STRICT_PROTOTYPES = YES;
				CLANG_WARN_SUSPICIOUS_MOVE = YES;
				CLANG_WARN_UNREACHABLE_CODE = YES;
				CLANG_WARN__DUPLICATE_METHOD_MATCH = YES;
				"CODE_SIGN_IDENTITY[sdk=iphoneos*]" = "iPhone Developer";
				COPY_PHASE_STRIP = NO;
				CURRENT_PROJECT_VERSION = 1;
				DEBUG_INFORMATION_FORMAT = "dwarf-with-dsym";
				ENABLE_NS_ASSERTIONS = NO;
				ENABLE_STRICT_OBJC_MSGSEND = YES;
				GCC_C_LANGUAGE_STANDARD = gnu99;
				GCC_NO_COMMON_BLOCKS = YES;
				GCC_WARN_64_TO_32_BIT_CONVERSION = YES;
				GCC_WARN_ABOUT_RETURN_TYPE = YES_ERROR;
				GCC_WARN_UNDECLARED_SELECTOR = YES;
				GCC_WARN_UNINITIALIZED_AUTOS = YES_AGGRESSIVE;
				GCC_WARN_UNUSED_FUNCTION = YES;
				GCC_WARN_UNUSED_VARIABLE = YES;
				IPHONEOS_DEPLOYMENT_TARGET = 13.0;
				MTL_ENABLE_DEBUG_INFO = NO;
				SDKROOT = iphoneos;
				SUPPORTED_PLATFORMS = "iphonesimulator iphoneos macosx";
				SWIFT_COMPILATION_MODE = wholemodule;
				SWIFT_OPTIMIZATION_LEVEL = "-O";
				SWIFT_VERSION = 5.0;
				TARGETED_DEVICE_FAMILY = "1,2";
				VALIDATE_PRODUCT = YES;
				VERSIONING_SYSTEM = "apple-generic";
				VERSION_INFO_PREFIX = "";
			};
			name = Release;
		};
		B3AC20541F3AE6C500D46641 /* Debug */ = {
			isa = XCBuildConfiguration;
			buildSettings = {
				CLANG_ENABLE_MODULES = YES;
				CODE_SIGN_IDENTITY = "";
				DEFINES_MODULE = YES;
				DEVELOPMENT_TEAM = YARQNYSS42;
				DYLIB_COMPATIBILITY_VERSION = 1;
				DYLIB_CURRENT_VERSION = 1;
				DYLIB_INSTALL_NAME_BASE = "@rpath";
				FRAMEWORK_SEARCH_PATHS = (
					"$(inherited)",
					"$(PROJECT_DIR)/Frameworks",
				);
				GCC_PREPROCESSOR_DEFINITIONS = (
					"DEBUG=1",
					"$(inherited)",
					"FRAMEWORK_BUILD=1",
				);
				INFOPLIST_FILE = "InfoPlists/PDFXKit-Info.plist";
				INSTALL_PATH = "$(LOCAL_LIBRARY_DIR)/Frameworks";
				IPHONEOS_DEPLOYMENT_TARGET = 13.0;
				LD_RUNPATH_SEARCH_PATHS = (
					"$(inherited)",
					"@executable_path/Frameworks",
					"@loader_path/Frameworks",
				);
				OTHER_CFLAGS = "-DFRAMEWORK_BUILD";
				PRODUCT_BUNDLE_IDENTIFIER = com.pspdfkit.PDFXKit;
				PRODUCT_NAME = "$(TARGET_NAME)";
				SKIP_INSTALL = NO;
				SWIFT_OPTIMIZATION_LEVEL = "-Onone";
				SWIFT_VERSION = 5.0;
			};
			name = Debug;
		};
		B3AC20551F3AE6C500D46641 /* Release */ = {
			isa = XCBuildConfiguration;
			buildSettings = {
				BUILD_LIBRARY_FOR_DISTRIBUTION = YES;
				CLANG_ENABLE_MODULES = YES;
				CODE_SIGN_IDENTITY = "";
				DEFINES_MODULE = YES;
				DEVELOPMENT_TEAM = YARQNYSS42;
				DYLIB_COMPATIBILITY_VERSION = 1;
				DYLIB_CURRENT_VERSION = 1;
				DYLIB_INSTALL_NAME_BASE = "@rpath";
				FRAMEWORK_SEARCH_PATHS = (
					"$(inherited)",
					"$(PROJECT_DIR)/Frameworks",
				);
				GCC_PREPROCESSOR_DEFINITIONS = "FRAMEWORK_BUILD=1";
				INFOPLIST_FILE = "InfoPlists/PDFXKit-Info.plist";
				INSTALL_PATH = "$(LOCAL_LIBRARY_DIR)/Frameworks";
				IPHONEOS_DEPLOYMENT_TARGET = 13.0;
				LD_RUNPATH_SEARCH_PATHS = (
					"$(inherited)",
					"@executable_path/Frameworks",
					"@loader_path/Frameworks",
				);
				OTHER_CFLAGS = "-DFRAMEWORK_BUILD";
				PRODUCT_BUNDLE_IDENTIFIER = com.pspdfkit.PDFXKit;
				PRODUCT_NAME = "$(TARGET_NAME)";
				SKIP_INSTALL = NO;
				SWIFT_VERSION = 5.0;
			};
			name = Release;
		};
		B3AC20571F3AE6C500D46641 /* Debug */ = {
			isa = XCBuildConfiguration;
			buildSettings = {
				ALWAYS_EMBED_SWIFT_STANDARD_LIBRARIES = YES;
				CLANG_ENABLE_MODULES = YES;
				DEVELOPMENT_TEAM = YARQNYSS42;
				INFOPLIST_FILE = "InfoPlists/PDFXKitTests-Info.plist";
				LD_RUNPATH_SEARCH_PATHS = (
					"$(inherited)",
					"@executable_path/Frameworks",
					"@loader_path/Frameworks",
				);
				PRODUCT_BUNDLE_IDENTIFIER = com.pspdfkit.PDFXKitTests;
				PRODUCT_NAME = "$(TARGET_NAME)";
				SWIFT_OPTIMIZATION_LEVEL = "-Onone";
				SWIFT_VERSION = 5.0;
			};
			name = Debug;
		};
		B3AC20581F3AE6C500D46641 /* Release */ = {
			isa = XCBuildConfiguration;
			buildSettings = {
				ALWAYS_EMBED_SWIFT_STANDARD_LIBRARIES = YES;
				CLANG_ENABLE_MODULES = YES;
				DEVELOPMENT_TEAM = YARQNYSS42;
				INFOPLIST_FILE = "InfoPlists/PDFXKitTests-Info.plist";
				LD_RUNPATH_SEARCH_PATHS = (
					"$(inherited)",
					"@executable_path/Frameworks",
					"@loader_path/Frameworks",
				);
				PRODUCT_BUNDLE_IDENTIFIER = com.pspdfkit.PDFXKitTests;
				PRODUCT_NAME = "$(TARGET_NAME)";
				SWIFT_VERSION = 5.0;
			};
			name = Release;
		};
/* End XCBuildConfiguration section */

/* Begin XCConfigurationList section */
		B3AC20391F3AE6C400D46641 /* Build configuration list for PBXProject "PDFXKit" */ = {
			isa = XCConfigurationList;
			buildConfigurations = (
				B3AC20511F3AE6C500D46641 /* Debug */,
				B3AC20521F3AE6C500D46641 /* Release */,
			);
			defaultConfigurationIsVisible = 0;
			defaultConfigurationName = Release;
		};
		B3AC20531F3AE6C500D46641 /* Build configuration list for PBXNativeTarget "PDFXKit" */ = {
			isa = XCConfigurationList;
			buildConfigurations = (
				B3AC20541F3AE6C500D46641 /* Debug */,
				B3AC20551F3AE6C500D46641 /* Release */,
			);
			defaultConfigurationIsVisible = 0;
			defaultConfigurationName = Release;
		};
		B3AC20561F3AE6C500D46641 /* Build configuration list for PBXNativeTarget "PDFXKitTests" */ = {
			isa = XCConfigurationList;
			buildConfigurations = (
				B3AC20571F3AE6C500D46641 /* Debug */,
				B3AC20581F3AE6C500D46641 /* Release */,
			);
			defaultConfigurationIsVisible = 0;
			defaultConfigurationName = Release;
		};
/* End XCConfigurationList section */
	};
	rootObject = B3AC20361F3AE6C400D46641 /* Project object */;
}
